# THIS IS AN AUTOGENERATED FILE. DO NOT EDIT THIS FILE DIRECTLY.
# yarn lockfile v1


"@next/env@14.2.0-canary.6":
  version "14.2.0-canary.6"
  resolved "https://registry.yarnpkg.com/@next/env/-/env-14.2.0-canary.6.tgz#239aa36710f6e1702be22a9d559557b77f60d939"
  integrity sha512-GVguN9O24Rh1aFTm9CIKnNgRZjjdB6E4V3KmQTq/hjqL+IzFimBSrAPHJY7Fe9uWMxa5VD78Id8iwHVrIoch3g==

"@next/swc-darwin-arm64@14.2.0-canary.6":
  version "14.2.0-canary.6"
  resolved "https://registry.yarnpkg.com/@next/swc-darwin-arm64/-/swc-darwin-arm64-14.2.0-canary.6.tgz#58d47be722341b99d210bbb1119be1873b37a631"
  integrity sha512-9stpz9B29+/6NF6qdmAGLJR1bG/0WLzaMHTuPy482JHBcuJMVcYKCWzfTkw1v68/Zdkoja404BeaJTV1MRTB3g==

"@next/swc-darwin-x64@14.2.0-canary.6":
  version "14.2.0-canary.6"
  resolved "https://registry.yarnpkg.com/@next/swc-darwin-x64/-/swc-darwin-x64-14.2.0-canary.6.tgz#dcfeb3284e30e77f97e6cf17652175dc685bfe2a"
  integrity sha512-NE1paZ1+eIi2hyWZrgigDKyjUoy7YeN+8VCqtcxkHsOoZRir0Ugy9BIidlVxOjlYF72sHuOy082/kl5EpMs7YA==

"@next/swc-linux-arm64-gnu@14.2.0-canary.6":
  version "14.2.0-canary.6"
  resolved "https://registry.yarnpkg.com/@next/swc-linux-arm64-gnu/-/swc-linux-arm64-gnu-14.2.0-canary.6.tgz#70da2e40d964b66474c51309c6a1a361d5ab6d0a"
  integrity sha512-1ab2OoRyev9rA8KfkLSz7uc4Qvk/BiM5zXRI3rcrXtdrOBCafZdcSxsqRgcmHYJ5DO1QLf+i5b0q/VAYhzKKQQ==

"@next/swc-linux-arm64-musl@14.2.0-canary.6":
  version "14.2.0-canary.6"
  resolved "https://registry.yarnpkg.com/@next/swc-linux-arm64-musl/-/swc-linux-arm64-musl-14.2.0-canary.6.tgz#491c3beb33feaefcd6f22c0cddea9ecaa95ef04b"
  integrity sha512-QAbbtAlBx2Jbl59md7hAkLF3V5eAa22OnHwxxyHOHjpJSVQrrcvQb5u86vfdttxcypSiG0M0xiIE7PYLwPvIXw==

"@next/swc-linux-x64-gnu@14.2.0-canary.6":
  version "14.2.0-canary.6"
  resolved "https://registry.yarnpkg.com/@next/swc-linux-x64-gnu/-/swc-linux-x64-gnu-14.2.0-canary.6.tgz#2d4cf82b153d6db53c9e4a90688699ed50e48142"
  integrity sha512-O7zWKvvvjEbgzTtBTnQz4iH7ZA7RYxu0v3cUwQd3SnplInBCluaSk0lq5M9bRfHhriVW7/09cyMErY0nq+ZWlw==

"@next/swc-linux-x64-musl@14.2.0-canary.6":
  version "14.2.0-canary.6"
  resolved "https://registry.yarnpkg.com/@next/swc-linux-x64-musl/-/swc-linux-x64-musl-14.2.0-canary.6.tgz#4bca1410e9f983928c9584098119f4cd5b752580"
  integrity sha512-TywXiQUsQVcQKouCJSYfi7CgziH3n+PFC7NgakwKwvvl1VDVmK7TxqkUjNOzfcgF3g/Dg0IIqzLOPqKa1Xp6uw==

"@next/swc-win32-arm64-msvc@14.2.0-canary.6":
  version "14.2.0-canary.6"
  resolved "https://registry.yarnpkg.com/@next/swc-win32-arm64-msvc/-/swc-win32-arm64-msvc-14.2.0-canary.6.tgz#f31e5eba48655827a0d261ba6c2d134d0e60db25"
  integrity sha512-r1m4Ugc0u00bIiYeYAC2U/TrwYOuZKWFA1I3I5qdnagoe1Bul4OijYnMkPYuhhjB6bHUUQjcUtHV5lkcnTr5uA==

"@next/swc-win32-ia32-msvc@14.2.0-canary.6":
  version "14.2.0-canary.6"
  resolved "https://registry.yarnpkg.com/@next/swc-win32-ia32-msvc/-/swc-win32-ia32-msvc-14.2.0-canary.6.tgz#b27b4c9346fbb4599e0a3f628fc566ef340935d6"
  integrity sha512-l2+CnXMqgh6umnptBkptWk2bz+3bKJe/T5ojJlUoLweIs4eKJ3V87+CH8z5zkznqKVHZ5hQLC0JieV0OVun72Q==

"@next/swc-win32-x64-msvc@14.2.0-canary.6":
  version "14.2.0-canary.6"
  resolved "https://registry.yarnpkg.com/@next/swc-win32-x64-msvc/-/swc-win32-x64-msvc-14.2.0-canary.6.tgz#ee902279847f6fd3f4e748a78b466df57adf3fe7"
  integrity sha512-1dRrinBhP4R85NVmrxzShqNl9STmLe2ePI1LZ8HkG8RY08o570JiNEwTcbsoqCYzKi7db61xox7todeLjIleIg==

"@swc/counter@^0.1.3":
  version "0.1.3"
  resolved "https://registry.yarnpkg.com/@swc/counter/-/counter-0.1.3.tgz#cc7463bd02949611c6329596fccd2b0ec782b0e9"
  integrity sha512-e2BR4lsJkkRlKZ/qCHPw9ZaSxc0MVUd7gtbtaB7aMvHeJVYe8sOB8DBZkP2DtISHGSku9sCK6T6cnY0CtXrOCQ==

"@swc/helpers@0.5.5":
  version "0.5.5"
  resolved "https://registry.yarnpkg.com/@swc/helpers/-/helpers-0.5.5.tgz#12689df71bfc9b21c4f4ca00ae55f2f16c8b77c0"
  integrity sha512-KGYxvIOXcceOAbEk4bi/dVLEK9z8sZ0uBB3Il5b1rhfClSpcX0yfRO0KmTkqR2cnQDymwLB+25ZyMzICg/cm/A==
  dependencies:
    "@swc/counter" "^0.1.3"
    tslib "^2.4.0"

"@types/node@20.4.5":
  version "20.4.5"
  resolved "https://registry.yarnpkg.com/@types/node/-/node-20.4.5.tgz#9dc0a5cb1ccce4f7a731660935ab70b9c00a5d69"
  integrity sha512-rt40Nk13II9JwQBdeYqmbn2Q6IVTA5uPhvSO+JVqdXw/6/4glI6oR9ezty/A9Hg5u7JH4OmYmuQ+XvjKm0Datg==

"@types/prop-types@*":
  version "15.7.11"
  resolved "https://registry.yarnpkg.com/@types/prop-types/-/prop-types-15.7.11.tgz#2596fb352ee96a1379c657734d4b913a613ad563"
  integrity sha512-ga8y9v9uyeiLdpKddhxYQkxNDrfvuPrlFb0N1qnZZByvcElJaXthF1UhvCh9TLWJBEHeNtdnbysW7Y6Uq8CVng==

"@types/react@18.2.18":
  version "18.2.18"
  resolved "https://registry.yarnpkg.com/@types/react/-/react-18.2.18.tgz#c8b233919eef1bdc294f6f34b37f9727ad677516"
  integrity sha512-da4NTSeBv/P34xoZPhtcLkmZuJ+oYaCxHmyHzwaDQo9RQPBeXV+06gEk2FpqEcsX9XrnNLvRpVh6bdavDSjtiQ==
  dependencies:
    "@types/prop-types" "*"
    "@types/scheduler" "*"
    csstype "^3.0.2"

"@types/scheduler@*":
  version "0.16.8"
  resolved "https://registry.yarnpkg.com/@types/scheduler/-/scheduler-0.16.8.tgz#ce5ace04cfeabe7ef87c0091e50752e36707deff"
  integrity sha512-WZLiwShhwLRmeV6zH+GkbOFT6Z6VklCItrDioxUnv+u4Ll+8vKeFySoFyK/0ctcRpOmwAicELfmys1sDc/Rw+A==

busboy@1.6.0:
  version "1.6.0"
  resolved "https://registry.yarnpkg.com/busboy/-/busboy-1.6.0.tgz#966ea36a9502e43cdb9146962523b92f531f6893"
  integrity sha512-8SFQbg/0hQ9xy3UNTB0YEnsNBbWfhf7RtnzpL7TkBiTBRfrQ9Fxcnz7VJsleJpyp6rVLvXiuORqjlHi5q+PYuA==
  dependencies:
    streamsearch "^1.1.0"

caniuse-lite@^1.0.30001579:
  version "1.0.30001596"
  resolved "https://registry.yarnpkg.com/caniuse-lite/-/caniuse-lite-1.0.30001596.tgz#da06b79c3d9c3d9958eb307aa832ac68ead79bee"
  integrity sha512-zpkZ+kEr6We7w63ORkoJ2pOfBwBkY/bJrG/UZ90qNb45Isblu8wzDgevEOrRL1r9dWayHjYiiyCMEXPn4DweGQ==

client-only@0.0.1:
  version "0.0.1"
  resolved "https://registry.yarnpkg.com/client-only/-/client-only-0.0.1.tgz#38bba5d403c41ab150bff64a95c85013cf73bca1"
  integrity sha512-IV3Ou0jSMzZrd3pZ48nLkT9DA7Ag1pnPzaiQhpW7c3RbcqqzvzzVu+L8gfqMp/8IM2MQtSiqaCxrrcfu8I8rMA==

csstype@^3.0.2:
  version "3.1.3"
  resolved "https://registry.yarnpkg.com/csstype/-/csstype-3.1.3.tgz#d80ff294d114fb0e6ac500fbf85b60137d7eff81"
  integrity sha512-M1uQkMl8rQK/szD0LNhtqxIPLpimGm8sOBwU7lLnCpSbTyY3yeU1Vc7l4KT5zT4s/yOxHH5O7tIuuLOCnLADRw==

graceful-fs@^4.2.11:
  version "4.2.11"
  resolved "https://registry.yarnpkg.com/graceful-fs/-/graceful-fs-4.2.11.tgz#4183e4e8bf08bb6e05bbb2f7d2e0c8f712ca40e3"
  integrity sha512-RbJ5/jmFcNNCcDV5o9eTnBLJ/HszWV0P73bc+Ff4nS/rJj+YaS6IGyiOL0VoBYX+l1Wrl3k63h/KrH+nhJ0XvQ==

"js-tokens@^3.0.0 || ^4.0.0":
  version "4.0.0"
  resolved "https://registry.yarnpkg.com/js-tokens/-/js-tokens-4.0.0.tgz#19203fb59991df98e3a287050d4647cdeaf32499"
  integrity sha512-RdJUflcE3cUzKiMqQgsCu06FPu9UdIJO0beYbPhHN4k6apgJtifcoCtT9bcxOpYBtpD2kCM6Sbzg4CausW/PKQ==

loose-envify@^1.1.0:
  version "1.4.0"
  resolved "https://registry.yarnpkg.com/loose-envify/-/loose-envify-1.4.0.tgz#71ee51fa7be4caec1a63839f7e682d8132d30caf"
  integrity sha512-lyuxPGr/Wfhrlem2CL/UcnUc1zcqKAImBDzukY7Y5F/yQiNdko6+fRLevlw1HgMySw7f611UIY408EtxRSoK3Q==
  dependencies:
    js-tokens "^3.0.0 || ^4.0.0"

nanoid@^3.3.6:
  version "3.3.7"
  resolved "https://registry.yarnpkg.com/nanoid/-/nanoid-3.3.7.tgz#d0c301a691bc8d54efa0a2226ccf3fe2fd656bd8"
  integrity sha512-eSRppjcPIatRIMC1U6UngP8XFcz8MQWGQdt1MTBQ7NaAmvXDfvNxbvWV3x2y6CdEUciCSsDHDQZbhYaB8QEo2g==

next@canary:
  version "14.2.0-canary.6"
  resolved "https://registry.yarnpkg.com/next/-/next-14.2.0-canary.6.tgz#062c4a45a730ee90ce5f574dc0220ad2d3288052"
  integrity sha512-t7wmy7fdAp0aH00u9MEzmF+GPMS8TGZrP/9QTpzpy7C8i5NT45KY4ZtcCQUXEeAyf13azuGiP2swET6eTqlOhA==
  dependencies:
    "@next/env" "14.2.0-canary.6"
    "@swc/helpers" "0.5.5"
    busboy "1.6.0"
    caniuse-lite "^1.0.30001579"
    graceful-fs "^4.2.11"
    postcss "8.4.31"
    styled-jsx "5.1.1"
  optionalDependencies:
    "@next/swc-darwin-arm64" "14.2.0-canary.6"
    "@next/swc-darwin-x64" "14.2.0-canary.6"
    "@next/swc-linux-arm64-gnu" "14.2.0-canary.6"
    "@next/swc-linux-arm64-musl" "14.2.0-canary.6"
    "@next/swc-linux-x64-gnu" "14.2.0-canary.6"
    "@next/swc-linux-x64-musl" "14.2.0-canary.6"
    "@next/swc-win32-arm64-msvc" "14.2.0-canary.6"
    "@next/swc-win32-ia32-msvc" "14.2.0-canary.6"
    "@next/swc-win32-x64-msvc" "14.2.0-canary.6"

picocolors@^1.0.0:
  version "1.0.0"
  resolved "https://registry.yarnpkg.com/picocolors/-/picocolors-1.0.0.tgz#cb5bdc74ff3f51892236eaf79d68bc44564ab81c"
  integrity sha512-1fygroTLlHu66zi26VoTDv8yRgm0Fccecssto+MhsZ0D/DGW2sm8E8AjW7NU5VVTRt5GxbeZ5qBuJr+HyLYkjQ==

postcss@8.4.31:
  version "8.4.31"
  resolved "https://registry.yarnpkg.com/postcss/-/postcss-8.4.31.tgz#92b451050a9f914da6755af352bdc0192508656d"
  integrity sha512-PS08Iboia9mts/2ygV3eLpY5ghnUcfLV/EXTOW1E2qYxJKGGBUtNjN76FYHnMs36RmARn41bC0AZmn+rR0OVpQ==
  dependencies:
    nanoid "^3.3.6"
    picocolors "^1.0.0"
    source-map-js "^1.0.2"

react-dom@^18.2.0:
  version "18.2.0"
  resolved "https://registry.yarnpkg.com/react-dom/-/react-dom-18.2.0.tgz#22aaf38708db2674ed9ada224ca4aa708d821e3d"
  integrity sha512-6IMTriUmvsjHUjNtEDudZfuDQUoWXVxKHhlEGSk81n4YFS+r/Kl99wXiwlVXtPBtJenozv2P+hxDsw9eA7Xo6g==
  dependencies:
    loose-envify "^1.1.0"
    scheduler "^0.23.0"

react@^18.2.0:
  version "18.2.0"
  resolved "https://registry.yarnpkg.com/react/-/react-18.2.0.tgz#555bd98592883255fa00de14f1151a917b5d77d5"
  integrity sha512-/3IjMdb2L9QbBdWiW5e3P2/npwMBaU9mHCSCUzNln0ZCYbcfTsGbTJrU/kGemdH2IWmB2ioZ+zkxtmq6g09fGQ==
  dependencies:
    loose-envify "^1.1.0"

scheduler@^0.23.0:
  version "0.23.0"
  resolved "https://registry.yarnpkg.com/scheduler/-/scheduler-0.23.0.tgz#ba8041afc3d30eb206a487b6b384002e4e61fdfe"
  integrity sha512-CtuThmgHNg7zIZWAXi3AsyIzA3n4xx7aNyjwC2VJldO2LMVDhFK+63xGqq6CsJH4rTAt6/M+N4GhZiDYPx9eUw==
  dependencies:
    loose-envify "^1.1.0"

source-map-js@^1.0.2:
  version "1.0.2"
  resolved "https://registry.yarnpkg.com/source-map-js/-/source-map-js-1.0.2.tgz#adbc361d9c62df380125e7f161f71c826f1e490c"
  integrity sha512-R0XvVJ9WusLiqTCEiGCmICCMplcCkIwwR11mOSD9CR5u+IXYdiseeEuXCVAjS54zqwkLcPNnmU4OeJ6tUrWhDw==

streamsearch@^1.1.0:
  version "1.1.0"
  resolved "https://registry.yarnpkg.com/streamsearch/-/streamsearch-1.1.0.tgz#404dd1e2247ca94af554e841a8ef0eaa238da764"
  integrity sha512-Mcc5wHehp9aXz1ax6bZUyY5afg9u2rv5cqQI3mRrYkGC8rW2hM02jWuwjtL++LS5qinSyhj2QfLyNsuc+VsExg==

styled-jsx@5.1.1:
  version "5.1.1"
  resolved "https://registry.yarnpkg.com/styled-jsx/-/styled-jsx-5.1.1.tgz#839a1c3aaacc4e735fed0781b8619ea5d0009d1f"
  integrity sha512-pW7uC1l4mBZ8ugbiZrcIsiIvVx1UmTfw7UkC3Um2tmfUq9Bhk8IiyEIPl6F8agHgjzku6j0xQEZbfA5uSgSaCw==
  dependencies:
    client-only "0.0.1"

tslib@^2.4.0:
  version "2.6.2"
  resolved "https://registry.yarnpkg.com/tslib/-/tslib-2.6.2.tgz#703ac29425e7b37cd6fd456e92404d46d1f3e4ae"
  integrity sha512-AEYxH93jGFPn/a2iVAwW87VuUIkR1FVUKB77NwMF7nBTDkDrrT/Hpt/IrCJ0QXhW27jTBDcf5ZY7w6RiqTMw2Q==

typescript@5.1.3:
  version "5.1.3"
  resolved "https://registry.yarnpkg.com/typescript/-/typescript-5.1.3.tgz#8d84219244a6b40b6fb2b33cc1c062f715b9e826"
  integrity sha512-XH627E9vkeqhlZFQuL+UsyAXEnibT0kWR2FWONlr4sTjvxyJYnyefgrkyECLzM5NenmKzRAy2rR/OlYLA1HkZw==
